
Microsoft Visual Studio Solution File, Format Version 12.00
# Visual Studio Version 17
VisualStudioVersion = 17.8.34330.188
MinimumVisualStudioVersion = 10.0.40219.1
Project("{FAE04EC0-301F-11D3-BF4B-00C04F79EFBC}") = "ExtensionMethodsExample", "ExtensionMethodsExample\ExtensionMethodsExample.csproj", "{9FE855A5-D26E-40C9-8403-CE507F8666B8}"
EndProject
Project("{FAE04EC0-301F-11D3-BF4B-00C04F79EFBC}") = "WebApi", "WebApi\WebApi.csproj", "{ABAAC229-E0AF-4687-A227-E44C7B82EF80}"
EndProject
Global
	GlobalSection(SolutionConfigurationPlatforms) = preSolution
		Debug|Any CPU = Debug|Any CPU
		Release|Any CPU = Release|Any CPU
	EndGlobalSection
	GlobalSection(ProjectConfigurationPlatforms) = postSolution
		{9FE855A5-D26E-40C9-8403-CE507F8666B8}.Debug|Any CPU.ActiveCfg = Debug|Any CPU
		{9FE855A5-D26E-40C9-8403-CE507F8666B8}.Debug|Any CPU.Build.0 = Debug|Any CPU
		{9FE855A5-D26E-40C9-8403-CE507F8666B8}.Release|Any CPU.ActiveCfg = Release|Any CPU
		{9FE855A5-D26E-40C9-8403-CE507F8666B8}.Release|Any CPU.Build.0 = Release|Any CPU
		{ABAAC229-E0AF-4687-A227-E44C7B82EF80}.Debug|Any CPU.ActiveCfg = Debug|Any CPU
		{ABAAC229-E0AF-4687-A227-E44C7B82EF80}.Debug|Any CPU.Build.0 = Debug|Any CPU
		{ABAAC229-E0AF-4687-A227-E44C7B82EF80}.Release|Any CPU.ActiveCfg = Release|Any CPU
		{ABAAC229-E0AF-4687-A227-E44C7B82EF80}.Release|Any CPU.Build.0 = Release|Any CPU
	EndGlobalSection
	GlobalSection(SolutionProperties) = preSolution
		HideSolutionNode = FALSE
	EndGlobalSection
	GlobalSection(ExtensibilityGlobals) = postSolution
		SolutionGuid = {7E42F7FA-EE58-4FF3-B5E3-D0843ED6CB0B}
	EndGlobalSection
EndGlobal
