
Microsoft Visual Studio Solution File, Format Version 12.00
# Visual Studio Version 17
VisualStudioVersion = 17.0.31903.59
MinimumVisualStudioVersion = 10.0.40219.1
Project("{2150E333-8FDC-42A3-9474-1A3956D46DE8}") = "Collections", "Collections", "{C6003114-897B-4845-9677-E3D18FA40B7B}"
EndProject
Project("{9A19103F-16F7-4668-BE54-9A1E7A4F7556}") = "EnumeratorExample", "Collections\EnumeratorExample\EnumeratorExample.csproj", "{E0A79F7E-AEC9-4780-A953-26E4423B2888}"
EndProject
Project("{9A19103F-16F7-4668-BE54-9A1E7A4F7556}") = "DictionaryExample", "Collections\DictionaryExample\DictionaryExample.csproj", "{0085DB44-9E37-4FEB-8A73-3A45AE676AD1}"
EndProject
Project("{9A19103F-16F7-4668-BE54-9A1E7A4F7556}") = "HashSetExample", "Collections\HashSetExample\HashSetExample.csproj", "{FB0702B0-D785-4F2F-BC8A-95D9B380A157}"
EndProject
Project("{9A19103F-16F7-4668-BE54-9A1E7A4F7556}") = "Core", "Collections\Core\Core.csproj", "{F4CBE058-E5F0-4002-8369-9E30D5010AFE}"
EndProject
Project("{9A19103F-16F7-4668-BE54-9A1E7A4F7556}") = "ListExample", "Collections\ListExample\ListExample.csproj", "{EFE98628-D986-43CB-83E3-F4DB54354AF8}"
EndProject
Project("{9A19103F-16F7-4668-BE54-9A1E7A4F7556}") = "QueueExample", "Collections\QueueExample\QueueExample.csproj", "{DFDD6C9F-DFF6-434C-A1CE-878E06D4D85B}"
EndProject
Project("{9A19103F-16F7-4668-BE54-9A1E7A4F7556}") = "StackExample", "Collections\StackExample\StackExample.csproj", "{81305DDC-EAB0-4C26-8855-BB57CAEAF9E5}"
EndProject
Project("{2150E333-8FDC-42A3-9474-1A3956D46DE8}") = "ThreadSafeCollections", "ThreadSafeCollections", "{86F7FBCC-7602-408D-B7A5-DC87B8D16030}"
EndProject
Project("{9A19103F-16F7-4668-BE54-9A1E7A4F7556}") = "BlockingCollectionExample", "ThreadSafeCollections\BlockingCollectionExample\BlockingCollectionExample.csproj", "{7202C530-9FA8-4446-96EB-5CDE22314302}"
EndProject
Project("{9A19103F-16F7-4668-BE54-9A1E7A4F7556}") = "ConcurrentBagExample", "ThreadSafeCollections\ConcurrentBagExample\ConcurrentBagExample.csproj", "{EBA3AA59-18CD-4DD9-A6B2-5E6182E397E4}"
EndProject
Project("{9A19103F-16F7-4668-BE54-9A1E7A4F7556}") = "ConcurrentDictionaryExample", "ThreadSafeCollections\ConcurrentDictionaryExample\ConcurrentDictionaryExample.csproj", "{026D5D89-6E71-41B3-804E-88B94251E9EB}"
EndProject
Project("{9A19103F-16F7-4668-BE54-9A1E7A4F7556}") = "ConcurrentQueueExample", "ThreadSafeCollections\ConcurrentQueueExample\ConcurrentQueueExample.csproj", "{BCB6B572-9F77-46C8-BD20-D7CF84E71994}"
EndProject
Project("{2150E333-8FDC-42A3-9474-1A3956D46DE8}") = "AnonymousTypes", "AnonymousTypes", "{95526590-7F4E-4E8F-A1AA-FC29318B0D1C}"
EndProject
Project("{2150E333-8FDC-42A3-9474-1A3956D46DE8}") = "MethodChaining", "MethodChaining", "{A65DB4CB-FB97-40D9-B644-D78AE8DBE4D5}"
EndProject
Project("{9A19103F-16F7-4668-BE54-9A1E7A4F7556}") = "FluentApi", "MethodChaining\FluentApi\FluentApi.csproj", "{D04E2AA8-BF46-4DE7-92A5-9FE390D7F244}"
EndProject
Project("{2150E333-8FDC-42A3-9474-1A3956D46DE8}") = "GenericTypes", "GenericTypes", "{6FF4B3B3-E37A-47B4-9CFA-10C15FE0AFC8}"
EndProject
Project("{9A19103F-16F7-4668-BE54-9A1E7A4F7556}") = "GenericInterfaces", "GenericTypes\GenericInterfaces\GenericInterfaces.csproj", "{1B708A9F-89A8-46C5-8293-0E171567567E}"
EndProject
Project("{9A19103F-16F7-4668-BE54-9A1E7A4F7556}") = "GenericClassses", "GenericTypes\GenericClassses\GenericClassses.csproj", "{B02FF374-614C-4DD9-A68A-E931DE7CE1A7}"
EndProject
Project("{9A19103F-16F7-4668-BE54-9A1E7A4F7556}") = "GenericMethods", "GenericTypes\GenericMethods\GenericMethods.csproj", "{B1F88128-52DE-4745-8C24-7DDD3D43BB41}"
EndProject
Project("{2150E333-8FDC-42A3-9474-1A3956D46DE8}") = "Reflection", "Reflection", "{FBB1E952-F961-4F8B-A127-FA9CC97C2FD9}"
EndProject
Project("{9A19103F-16F7-4668-BE54-9A1E7A4F7556}") = "AttributeBasedProgramming", "Reflection\AttributeBasedProgramming\AttributeBasedProgramming.csproj", "{DB3D6E80-9F27-492E-A790-9EA0AC658D8E}"
EndProject
Project("{9A19103F-16F7-4668-BE54-9A1E7A4F7556}") = "PluginClass", "Reflection\PluginClass\PluginClass.csproj", "{27D7B5EB-2DC3-4648-862B-E6C3B481173A}"
EndProject
Project("{9A19103F-16F7-4668-BE54-9A1E7A4F7556}") = "ActivatorExample", "Reflection\ActivatorExample\ActivatorExample.csproj", "{66743DFB-4B12-4C08-B9AD-7C2623D07427}"
EndProject
Project("{9A19103F-16F7-4668-BE54-9A1E7A4F7556}") = "MetaDataExample", "Reflection\MetaDataExample\MetaDataExample.csproj", "{321D9971-7C57-4E3A-B4A0-9BC8EBDAB47B}"
EndProject
Project("{9A19103F-16F7-4668-BE54-9A1E7A4F7556}") = "GetSetExample", "Reflection\GetSetExample\GetSetExample.csproj", "{112E1CCB-2A01-4524-AFEF-81F1690C66C8}"
EndProject
Project("{2150E333-8FDC-42A3-9474-1A3956D46DE8}") = "Threading", "Threading", "{3B6B2077-5B7B-4FCE-B052-EFB796776B2C}"
EndProject
Project("{2150E333-8FDC-42A3-9474-1A3956D46DE8}") = "ExtensionMethod", "ExtensionMethod", "{77740BB7-64AF-4DA8-A4A0-5942554FBF96}"
EndProject
Project("{2150E333-8FDC-42A3-9474-1A3956D46DE8}") = "AsynchronousProgramming", "AsynchronousProgramming", "{E3844A4A-A013-4A54-9FB3-F13B2B126DD0}"
EndProject
Project("{2150E333-8FDC-42A3-9474-1A3956D46DE8}") = "ThreadSynchronization", "ThreadSynchronization", "{74FB22CB-D79D-46EE-8A19-FEA2B2DE88D6}"
EndProject
Project("{9A19103F-16F7-4668-BE54-9A1E7A4F7556}") = "LockExample", "ThreadSynchronization\LockExample\LockExample.csproj", "{CA32AE4B-CE38-49C7-9676-4FAA2DF0CDBB}"
EndProject
Project("{9A19103F-16F7-4668-BE54-9A1E7A4F7556}") = "MonitorExample", "ThreadSynchronization\MonitorExample\MonitorExample.csproj", "{E63ECE59-090B-4513-AD8D-B62F93CE474E}"
EndProject
Project("{9A19103F-16F7-4668-BE54-9A1E7A4F7556}") = "MutexExample", "ThreadSynchronization\MutexExample\MutexExample.csproj", "{7F4A5907-A0DA-4C2D-B695-E93781695B74}"
EndProject
Project("{9A19103F-16F7-4668-BE54-9A1E7A4F7556}") = "SemaphoreExample", "ThreadSynchronization\SemaphoreExample\SemaphoreExample.csproj", "{FB5F312B-D401-4C5F-B54C-23C7C63AB832}"
EndProject
Project("{9A19103F-16F7-4668-BE54-9A1E7A4F7556}") = "SemaphoreSlimExample", "ThreadSynchronization\SemaphoreSlimExample\SemaphoreSlimExample.csproj", "{E22BD490-67AD-4A56-A36B-29FF2DEC1406}"
EndProject
Project("{9A19103F-16F7-4668-BE54-9A1E7A4F7556}") = "SemaphoreProcess1", "ThreadSynchronization\SemaphoreProcess1\SemaphoreProcess1.csproj", "{386D84E1-3881-4DEF-BA2D-BA61EF361A46}"
EndProject
Project("{9A19103F-16F7-4668-BE54-9A1E7A4F7556}") = "SemaphoreProcess2", "ThreadSynchronization\SemaphoreProcess2\SemaphoreProcess2.csproj", "{5CF8DA6C-C6BD-4BE2-981C-6E08BA9AEE63}"
EndProject
Project("{9A19103F-16F7-4668-BE54-9A1E7A4F7556}") = "ThreadsExample", "AsynchronousProgramming\ThreadsExample\ThreadsExample.csproj", "{B178629E-1966-486D-8AE1-953475B253F8}"
EndProject
Project("{9A19103F-16F7-4668-BE54-9A1E7A4F7556}") = "ThreadPoolExample", "AsynchronousProgramming\ThreadPoolExample\ThreadPoolExample.csproj", "{C5C67FD4-2D9C-49D9-B025-E19B576AE3AB}"
EndProject
Project("{9A19103F-16F7-4668-BE54-9A1E7A4F7556}") = "TasksExample", "AsynchronousProgramming\TasksExample\TasksExample.csproj", "{07F378E5-9E18-428A-98DC-C53011085CCE}"
EndProject
Project("{9A19103F-16F7-4668-BE54-9A1E7A4F7556}") = "AsyncAwaitExample", "AsynchronousProgramming\AsyncAwaitExample\AsyncAwaitExample.csproj", "{72890450-B623-4BE2-81C0-71CD07F514D1}"
EndProject
Project("{2150E333-8FDC-42A3-9474-1A3956D46DE8}") = "Linq", "Linq", "{575741E7-F866-4F13-84D5-5BD3830A28B3}"
EndProject
Project("{9A19103F-16F7-4668-BE54-9A1E7A4F7556}") = "SetOperations", "Linq\SetOperations\SetOperations.csproj", "{DF5D7FA0-9E82-41F4-98D8-F80EB57B7079}"
EndProject
Project("{9A19103F-16F7-4668-BE54-9A1E7A4F7556}") = "ConsoleApp1", "ExtensionMethods\ConsoleApp1\ConsoleApp1.csproj", "{589BD9AA-C498-49BB-9DC9-9F6888B063F8}"
EndProject
Project("{2150E333-8FDC-42A3-9474-1A3956D46DE8}") = "AnonymousMethods", "AnonymousMethods", "{47AA7BD2-C5AB-4212-AC34-A97A9EE81A00}"
EndProject
Project("{9A19103F-16F7-4668-BE54-9A1E7A4F7556}") = "Delegates", "AnonymousMethods\Delegates\Delegates.csproj", "{FD13D9FC-D232-40D9-8547-916CD8EB5D9B}"
EndProject
Project("{9A19103F-16F7-4668-BE54-9A1E7A4F7556}") = "LinqExamples", "Linq\LinqExamples\LinqExamples.csproj", "{49289994-61F4-4905-ABD8-7D8C438488C3}"
EndProject
Project("{FAE04EC0-301F-11D3-BF4B-00C04F79EFBC}") = "VarExamples", "AnonymousTypes\VarExamples\VarExamples.csproj", "{9F259D19-0AF9-4BD3-B724-2CF38F95CF99}"
EndProject
Project("{9A19103F-16F7-4668-BE54-9A1E7A4F7556}") = "ThreadExample", "Threading\ThreadExample\ThreadExample.csproj", "{D7865561-FA44-417D-A187-281F3ADDC145}"
EndProject
Project("{9A19103F-16F7-4668-BE54-9A1E7A4F7556}") = "ThreadPoolExample", "Threading\ThreadPoolExample\ThreadPoolExample.csproj", "{98512D64-70E2-4310-A966-D9A49CBA1707}"
EndProject
Global
	GlobalSection(SolutionConfigurationPlatforms) = preSolution
		Debug|Any CPU = Debug|Any CPU
		Release|Any CPU = Release|Any CPU
	EndGlobalSection
	GlobalSection(ProjectConfigurationPlatforms) = postSolution
		{E0A79F7E-AEC9-4780-A953-26E4423B2888}.Debug|Any CPU.ActiveCfg = Debug|Any CPU
		{E0A79F7E-AEC9-4780-A953-26E4423B2888}.Debug|Any CPU.Build.0 = Debug|Any CPU
		{E0A79F7E-AEC9-4780-A953-26E4423B2888}.Release|Any CPU.ActiveCfg = Release|Any CPU
		{E0A79F7E-AEC9-4780-A953-26E4423B2888}.Release|Any CPU.Build.0 = Release|Any CPU
		{0085DB44-9E37-4FEB-8A73-3A45AE676AD1}.Debug|Any CPU.ActiveCfg = Debug|Any CPU
		{0085DB44-9E37-4FEB-8A73-3A45AE676AD1}.Debug|Any CPU.Build.0 = Debug|Any CPU
		{0085DB44-9E37-4FEB-8A73-3A45AE676AD1}.Release|Any CPU.ActiveCfg = Release|Any CPU
		{0085DB44-9E37-4FEB-8A73-3A45AE676AD1}.Release|Any CPU.Build.0 = Release|Any CPU
		{FB0702B0-D785-4F2F-BC8A-95D9B380A157}.Debug|Any CPU.ActiveCfg = Debug|Any CPU
		{FB0702B0-D785-4F2F-BC8A-95D9B380A157}.Debug|Any CPU.Build.0 = Debug|Any CPU
		{FB0702B0-D785-4F2F-BC8A-95D9B380A157}.Release|Any CPU.ActiveCfg = Release|Any CPU
		{FB0702B0-D785-4F2F-BC8A-95D9B380A157}.Release|Any CPU.Build.0 = Release|Any CPU
		{F4CBE058-E5F0-4002-8369-9E30D5010AFE}.Debug|Any CPU.ActiveCfg = Debug|Any CPU
		{F4CBE058-E5F0-4002-8369-9E30D5010AFE}.Debug|Any CPU.Build.0 = Debug|Any CPU
		{F4CBE058-E5F0-4002-8369-9E30D5010AFE}.Release|Any CPU.ActiveCfg = Release|Any CPU
		{F4CBE058-E5F0-4002-8369-9E30D5010AFE}.Release|Any CPU.Build.0 = Release|Any CPU
		{EFE98628-D986-43CB-83E3-F4DB54354AF8}.Debug|Any CPU.ActiveCfg = Debug|Any CPU
		{EFE98628-D986-43CB-83E3-F4DB54354AF8}.Debug|Any CPU.Build.0 = Debug|Any CPU
		{EFE98628-D986-43CB-83E3-F4DB54354AF8}.Release|Any CPU.ActiveCfg = Release|Any CPU
		{EFE98628-D986-43CB-83E3-F4DB54354AF8}.Release|Any CPU.Build.0 = Release|Any CPU
		{DFDD6C9F-DFF6-434C-A1CE-878E06D4D85B}.Debug|Any CPU.ActiveCfg = Debug|Any CPU
		{DFDD6C9F-DFF6-434C-A1CE-878E06D4D85B}.Debug|Any CPU.Build.0 = Debug|Any CPU
		{DFDD6C9F-DFF6-434C-A1CE-878E06D4D85B}.Release|Any CPU.ActiveCfg = Release|Any CPU
		{DFDD6C9F-DFF6-434C-A1CE-878E06D4D85B}.Release|Any CPU.Build.0 = Release|Any CPU
		{81305DDC-EAB0-4C26-8855-BB57CAEAF9E5}.Debug|Any CPU.ActiveCfg = Debug|Any CPU
		{81305DDC-EAB0-4C26-8855-BB57CAEAF9E5}.Debug|Any CPU.Build.0 = Debug|Any CPU
		{81305DDC-EAB0-4C26-8855-BB57CAEAF9E5}.Release|Any CPU.ActiveCfg = Release|Any CPU
		{81305DDC-EAB0-4C26-8855-BB57CAEAF9E5}.Release|Any CPU.Build.0 = Release|Any CPU
		{7202C530-9FA8-4446-96EB-5CDE22314302}.Debug|Any CPU.ActiveCfg = Debug|Any CPU
		{7202C530-9FA8-4446-96EB-5CDE22314302}.Debug|Any CPU.Build.0 = Debug|Any CPU
		{7202C530-9FA8-4446-96EB-5CDE22314302}.Release|Any CPU.ActiveCfg = Release|Any CPU
		{7202C530-9FA8-4446-96EB-5CDE22314302}.Release|Any CPU.Build.0 = Release|Any CPU
		{EBA3AA59-18CD-4DD9-A6B2-5E6182E397E4}.Debug|Any CPU.ActiveCfg = Debug|Any CPU
		{EBA3AA59-18CD-4DD9-A6B2-5E6182E397E4}.Debug|Any CPU.Build.0 = Debug|Any CPU
		{EBA3AA59-18CD-4DD9-A6B2-5E6182E397E4}.Release|Any CPU.ActiveCfg = Release|Any CPU
		{EBA3AA59-18CD-4DD9-A6B2-5E6182E397E4}.Release|Any CPU.Build.0 = Release|Any CPU
		{026D5D89-6E71-41B3-804E-88B94251E9EB}.Debug|Any CPU.ActiveCfg = Debug|Any CPU
		{026D5D89-6E71-41B3-804E-88B94251E9EB}.Debug|Any CPU.Build.0 = Debug|Any CPU
		{026D5D89-6E71-41B3-804E-88B94251E9EB}.Release|Any CPU.ActiveCfg = Release|Any CPU
		{026D5D89-6E71-41B3-804E-88B94251E9EB}.Release|Any CPU.Build.0 = Release|Any CPU
		{BCB6B572-9F77-46C8-BD20-D7CF84E71994}.Debug|Any CPU.ActiveCfg = Debug|Any CPU
		{BCB6B572-9F77-46C8-BD20-D7CF84E71994}.Debug|Any CPU.Build.0 = Debug|Any CPU
		{BCB6B572-9F77-46C8-BD20-D7CF84E71994}.Release|Any CPU.ActiveCfg = Release|Any CPU
		{BCB6B572-9F77-46C8-BD20-D7CF84E71994}.Release|Any CPU.Build.0 = Release|Any CPU
		{D04E2AA8-BF46-4DE7-92A5-9FE390D7F244}.Debug|Any CPU.ActiveCfg = Debug|Any CPU
		{D04E2AA8-BF46-4DE7-92A5-9FE390D7F244}.Debug|Any CPU.Build.0 = Debug|Any CPU
		{D04E2AA8-BF46-4DE7-92A5-9FE390D7F244}.Release|Any CPU.ActiveCfg = Release|Any CPU
		{D04E2AA8-BF46-4DE7-92A5-9FE390D7F244}.Release|Any CPU.Build.0 = Release|Any CPU
		{1B708A9F-89A8-46C5-8293-0E171567567E}.Debug|Any CPU.ActiveCfg = Debug|Any CPU
		{1B708A9F-89A8-46C5-8293-0E171567567E}.Debug|Any CPU.Build.0 = Debug|Any CPU
		{1B708A9F-89A8-46C5-8293-0E171567567E}.Release|Any CPU.ActiveCfg = Release|Any CPU
		{1B708A9F-89A8-46C5-8293-0E171567567E}.Release|Any CPU.Build.0 = Release|Any CPU
		{B02FF374-614C-4DD9-A68A-E931DE7CE1A7}.Debug|Any CPU.ActiveCfg = Debug|Any CPU
		{B02FF374-614C-4DD9-A68A-E931DE7CE1A7}.Debug|Any CPU.Build.0 = Debug|Any CPU
		{B02FF374-614C-4DD9-A68A-E931DE7CE1A7}.Release|Any CPU.ActiveCfg = Release|Any CPU
		{B02FF374-614C-4DD9-A68A-E931DE7CE1A7}.Release|Any CPU.Build.0 = Release|Any CPU
		{B1F88128-52DE-4745-8C24-7DDD3D43BB41}.Debug|Any CPU.ActiveCfg = Debug|Any CPU
		{B1F88128-52DE-4745-8C24-7DDD3D43BB41}.Debug|Any CPU.Build.0 = Debug|Any CPU
		{B1F88128-52DE-4745-8C24-7DDD3D43BB41}.Release|Any CPU.ActiveCfg = Release|Any CPU
		{B1F88128-52DE-4745-8C24-7DDD3D43BB41}.Release|Any CPU.Build.0 = Release|Any CPU
		{DB3D6E80-9F27-492E-A790-9EA0AC658D8E}.Debug|Any CPU.ActiveCfg = Debug|Any CPU
		{DB3D6E80-9F27-492E-A790-9EA0AC658D8E}.Debug|Any CPU.Build.0 = Debug|Any CPU
		{DB3D6E80-9F27-492E-A790-9EA0AC658D8E}.Release|Any CPU.ActiveCfg = Release|Any CPU
		{DB3D6E80-9F27-492E-A790-9EA0AC658D8E}.Release|Any CPU.Build.0 = Release|Any CPU
		{27D7B5EB-2DC3-4648-862B-E6C3B481173A}.Debug|Any CPU.ActiveCfg = Debug|Any CPU
		{27D7B5EB-2DC3-4648-862B-E6C3B481173A}.Debug|Any CPU.Build.0 = Debug|Any CPU
		{27D7B5EB-2DC3-4648-862B-E6C3B481173A}.Release|Any CPU.ActiveCfg = Release|Any CPU
		{27D7B5EB-2DC3-4648-862B-E6C3B481173A}.Release|Any CPU.Build.0 = Release|Any CPU
		{66743DFB-4B12-4C08-B9AD-7C2623D07427}.Debug|Any CPU.ActiveCfg = Debug|Any CPU
		{66743DFB-4B12-4C08-B9AD-7C2623D07427}.Debug|Any CPU.Build.0 = Debug|Any CPU
		{66743DFB-4B12-4C08-B9AD-7C2623D07427}.Release|Any CPU.ActiveCfg = Release|Any CPU
		{66743DFB-4B12-4C08-B9AD-7C2623D07427}.Release|Any CPU.Build.0 = Release|Any CPU
		{321D9971-7C57-4E3A-B4A0-9BC8EBDAB47B}.Debug|Any CPU.ActiveCfg = Debug|Any CPU
		{321D9971-7C57-4E3A-B4A0-9BC8EBDAB47B}.Debug|Any CPU.Build.0 = Debug|Any CPU
		{321D9971-7C57-4E3A-B4A0-9BC8EBDAB47B}.Release|Any CPU.ActiveCfg = Release|Any CPU
		{321D9971-7C57-4E3A-B4A0-9BC8EBDAB47B}.Release|Any CPU.Build.0 = Release|Any CPU
		{112E1CCB-2A01-4524-AFEF-81F1690C66C8}.Debug|Any CPU.ActiveCfg = Debug|Any CPU
		{112E1CCB-2A01-4524-AFEF-81F1690C66C8}.Debug|Any CPU.Build.0 = Debug|Any CPU
		{112E1CCB-2A01-4524-AFEF-81F1690C66C8}.Release|Any CPU.ActiveCfg = Release|Any CPU
		{112E1CCB-2A01-4524-AFEF-81F1690C66C8}.Release|Any CPU.Build.0 = Release|Any CPU
		{CA32AE4B-CE38-49C7-9676-4FAA2DF0CDBB}.Debug|Any CPU.ActiveCfg = Debug|Any CPU
		{CA32AE4B-CE38-49C7-9676-4FAA2DF0CDBB}.Debug|Any CPU.Build.0 = Debug|Any CPU
		{CA32AE4B-CE38-49C7-9676-4FAA2DF0CDBB}.Release|Any CPU.ActiveCfg = Release|Any CPU
		{CA32AE4B-CE38-49C7-9676-4FAA2DF0CDBB}.Release|Any CPU.Build.0 = Release|Any CPU
		{E63ECE59-090B-4513-AD8D-B62F93CE474E}.Debug|Any CPU.ActiveCfg = Debug|Any CPU
		{E63ECE59-090B-4513-AD8D-B62F93CE474E}.Debug|Any CPU.Build.0 = Debug|Any CPU
		{E63ECE59-090B-4513-AD8D-B62F93CE474E}.Release|Any CPU.ActiveCfg = Release|Any CPU
		{E63ECE59-090B-4513-AD8D-B62F93CE474E}.Release|Any CPU.Build.0 = Release|Any CPU
		{7F4A5907-A0DA-4C2D-B695-E93781695B74}.Debug|Any CPU.ActiveCfg = Debug|Any CPU
		{7F4A5907-A0DA-4C2D-B695-E93781695B74}.Debug|Any CPU.Build.0 = Debug|Any CPU
		{7F4A5907-A0DA-4C2D-B695-E93781695B74}.Release|Any CPU.ActiveCfg = Release|Any CPU
		{7F4A5907-A0DA-4C2D-B695-E93781695B74}.Release|Any CPU.Build.0 = Release|Any CPU
		{FB5F312B-D401-4C5F-B54C-23C7C63AB832}.Debug|Any CPU.ActiveCfg = Debug|Any CPU
		{FB5F312B-D401-4C5F-B54C-23C7C63AB832}.Debug|Any CPU.Build.0 = Debug|Any CPU
		{FB5F312B-D401-4C5F-B54C-23C7C63AB832}.Release|Any CPU.ActiveCfg = Release|Any CPU
		{FB5F312B-D401-4C5F-B54C-23C7C63AB832}.Release|Any CPU.Build.0 = Release|Any CPU
		{E22BD490-67AD-4A56-A36B-29FF2DEC1406}.Debug|Any CPU.ActiveCfg = Debug|Any CPU
		{E22BD490-67AD-4A56-A36B-29FF2DEC1406}.Debug|Any CPU.Build.0 = Debug|Any CPU
		{E22BD490-67AD-4A56-A36B-29FF2DEC1406}.Release|Any CPU.ActiveCfg = Release|Any CPU
		{E22BD490-67AD-4A56-A36B-29FF2DEC1406}.Release|Any CPU.Build.0 = Release|Any CPU
		{386D84E1-3881-4DEF-BA2D-BA61EF361A46}.Debug|Any CPU.ActiveCfg = Debug|Any CPU
		{386D84E1-3881-4DEF-BA2D-BA61EF361A46}.Debug|Any CPU.Build.0 = Debug|Any CPU
		{386D84E1-3881-4DEF-BA2D-BA61EF361A46}.Release|Any CPU.ActiveCfg = Release|Any CPU
		{386D84E1-3881-4DEF-BA2D-BA61EF361A46}.Release|Any CPU.Build.0 = Release|Any CPU
		{5CF8DA6C-C6BD-4BE2-981C-6E08BA9AEE63}.Debug|Any CPU.ActiveCfg = Debug|Any CPU
		{5CF8DA6C-C6BD-4BE2-981C-6E08BA9AEE63}.Debug|Any CPU.Build.0 = Debug|Any CPU
		{5CF8DA6C-C6BD-4BE2-981C-6E08BA9AEE63}.Release|Any CPU.ActiveCfg = Release|Any CPU
		{5CF8DA6C-C6BD-4BE2-981C-6E08BA9AEE63}.Release|Any CPU.Build.0 = Release|Any CPU
		{B178629E-1966-486D-8AE1-953475B253F8}.Debug|Any CPU.ActiveCfg = Debug|Any CPU
		{B178629E-1966-486D-8AE1-953475B253F8}.Debug|Any CPU.Build.0 = Debug|Any CPU
		{B178629E-1966-486D-8AE1-953475B253F8}.Release|Any CPU.ActiveCfg = Release|Any CPU
		{B178629E-1966-486D-8AE1-953475B253F8}.Release|Any CPU.Build.0 = Release|Any CPU
		{C5C67FD4-2D9C-49D9-B025-E19B576AE3AB}.Debug|Any CPU.ActiveCfg = Debug|Any CPU
		{C5C67FD4-2D9C-49D9-B025-E19B576AE3AB}.Debug|Any CPU.Build.0 = Debug|Any CPU
		{C5C67FD4-2D9C-49D9-B025-E19B576AE3AB}.Release|Any CPU.ActiveCfg = Release|Any CPU
		{C5C67FD4-2D9C-49D9-B025-E19B576AE3AB}.Release|Any CPU.Build.0 = Release|Any CPU
		{07F378E5-9E18-428A-98DC-C53011085CCE}.Debug|Any CPU.ActiveCfg = Debug|Any CPU
		{07F378E5-9E18-428A-98DC-C53011085CCE}.Debug|Any CPU.Build.0 = Debug|Any CPU
		{07F378E5-9E18-428A-98DC-C53011085CCE}.Release|Any CPU.ActiveCfg = Release|Any CPU
		{07F378E5-9E18-428A-98DC-C53011085CCE}.Release|Any CPU.Build.0 = Release|Any CPU
		{72890450-B623-4BE2-81C0-71CD07F514D1}.Debug|Any CPU.ActiveCfg = Debug|Any CPU
		{72890450-B623-4BE2-81C0-71CD07F514D1}.Debug|Any CPU.Build.0 = Debug|Any CPU
		{72890450-B623-4BE2-81C0-71CD07F514D1}.Release|Any CPU.ActiveCfg = Release|Any CPU
		{72890450-B623-4BE2-81C0-71CD07F514D1}.Release|Any CPU.Build.0 = Release|Any CPU
		{DF5D7FA0-9E82-41F4-98D8-F80EB57B7079}.Debug|Any CPU.ActiveCfg = Debug|Any CPU
		{DF5D7FA0-9E82-41F4-98D8-F80EB57B7079}.Debug|Any CPU.Build.0 = Debug|Any CPU
		{DF5D7FA0-9E82-41F4-98D8-F80EB57B7079}.Release|Any CPU.ActiveCfg = Release|Any CPU
		{DF5D7FA0-9E82-41F4-98D8-F80EB57B7079}.Release|Any CPU.Build.0 = Release|Any CPU
		{589BD9AA-C498-49BB-9DC9-9F6888B063F8}.Debug|Any CPU.ActiveCfg = Debug|Any CPU
		{589BD9AA-C498-49BB-9DC9-9F6888B063F8}.Debug|Any CPU.Build.0 = Debug|Any CPU
		{589BD9AA-C498-49BB-9DC9-9F6888B063F8}.Release|Any CPU.ActiveCfg = Release|Any CPU
		{589BD9AA-C498-49BB-9DC9-9F6888B063F8}.Release|Any CPU.Build.0 = Release|Any CPU
		{FD13D9FC-D232-40D9-8547-916CD8EB5D9B}.Debug|Any CPU.ActiveCfg = Debug|Any CPU
		{FD13D9FC-D232-40D9-8547-916CD8EB5D9B}.Debug|Any CPU.Build.0 = Debug|Any CPU
		{FD13D9FC-D232-40D9-8547-916CD8EB5D9B}.Release|Any CPU.ActiveCfg = Release|Any CPU
		{FD13D9FC-D232-40D9-8547-916CD8EB5D9B}.Release|Any CPU.Build.0 = Release|Any CPU
		{49289994-61F4-4905-ABD8-7D8C438488C3}.Debug|Any CPU.ActiveCfg = Debug|Any CPU
		{49289994-61F4-4905-ABD8-7D8C438488C3}.Debug|Any CPU.Build.0 = Debug|Any CPU
		{49289994-61F4-4905-ABD8-7D8C438488C3}.Release|Any CPU.ActiveCfg = Release|Any CPU
		{49289994-61F4-4905-ABD8-7D8C438488C3}.Release|Any CPU.Build.0 = Release|Any CPU
		{9F259D19-0AF9-4BD3-B724-2CF38F95CF99}.Debug|Any CPU.ActiveCfg = Debug|Any CPU
		{9F259D19-0AF9-4BD3-B724-2CF38F95CF99}.Debug|Any CPU.Build.0 = Debug|Any CPU
		{9F259D19-0AF9-4BD3-B724-2CF38F95CF99}.Release|Any CPU.ActiveCfg = Release|Any CPU
		{9F259D19-0AF9-4BD3-B724-2CF38F95CF99}.Release|Any CPU.Build.0 = Release|Any CPU
		{D7865561-FA44-417D-A187-281F3ADDC145}.Debug|Any CPU.ActiveCfg = Debug|Any CPU
		{D7865561-FA44-417D-A187-281F3ADDC145}.Debug|Any CPU.Build.0 = Debug|Any CPU
		{D7865561-FA44-417D-A187-281F3ADDC145}.Release|Any CPU.ActiveCfg = Release|Any CPU
		{D7865561-FA44-417D-A187-281F3ADDC145}.Release|Any CPU.Build.0 = Release|Any CPU
		{98512D64-70E2-4310-A966-D9A49CBA1707}.Debug|Any CPU.ActiveCfg = Debug|Any CPU
		{98512D64-70E2-4310-A966-D9A49CBA1707}.Debug|Any CPU.Build.0 = Debug|Any CPU
		{98512D64-70E2-4310-A966-D9A49CBA1707}.Release|Any CPU.ActiveCfg = Release|Any CPU
		{98512D64-70E2-4310-A966-D9A49CBA1707}.Release|Any CPU.Build.0 = Release|Any CPU
	EndGlobalSection
	GlobalSection(SolutionProperties) = preSolution
		HideSolutionNode = FALSE
	EndGlobalSection
	GlobalSection(NestedProjects) = preSolution
		{E0A79F7E-AEC9-4780-A953-26E4423B2888} = {C6003114-897B-4845-9677-E3D18FA40B7B}
		{0085DB44-9E37-4FEB-8A73-3A45AE676AD1} = {C6003114-897B-4845-9677-E3D18FA40B7B}
		{FB0702B0-D785-4F2F-BC8A-95D9B380A157} = {C6003114-897B-4845-9677-E3D18FA40B7B}
		{F4CBE058-E5F0-4002-8369-9E30D5010AFE} = {C6003114-897B-4845-9677-E3D18FA40B7B}
		{EFE98628-D986-43CB-83E3-F4DB54354AF8} = {C6003114-897B-4845-9677-E3D18FA40B7B}
		{DFDD6C9F-DFF6-434C-A1CE-878E06D4D85B} = {C6003114-897B-4845-9677-E3D18FA40B7B}
		{81305DDC-EAB0-4C26-8855-BB57CAEAF9E5} = {C6003114-897B-4845-9677-E3D18FA40B7B}
		{7202C530-9FA8-4446-96EB-5CDE22314302} = {86F7FBCC-7602-408D-B7A5-DC87B8D16030}
		{EBA3AA59-18CD-4DD9-A6B2-5E6182E397E4} = {86F7FBCC-7602-408D-B7A5-DC87B8D16030}
		{026D5D89-6E71-41B3-804E-88B94251E9EB} = {86F7FBCC-7602-408D-B7A5-DC87B8D16030}
		{BCB6B572-9F77-46C8-BD20-D7CF84E71994} = {86F7FBCC-7602-408D-B7A5-DC87B8D16030}
		{D04E2AA8-BF46-4DE7-92A5-9FE390D7F244} = {A65DB4CB-FB97-40D9-B644-D78AE8DBE4D5}
		{1B708A9F-89A8-46C5-8293-0E171567567E} = {6FF4B3B3-E37A-47B4-9CFA-10C15FE0AFC8}
		{B02FF374-614C-4DD9-A68A-E931DE7CE1A7} = {6FF4B3B3-E37A-47B4-9CFA-10C15FE0AFC8}
		{B1F88128-52DE-4745-8C24-7DDD3D43BB41} = {6FF4B3B3-E37A-47B4-9CFA-10C15FE0AFC8}
		{DB3D6E80-9F27-492E-A790-9EA0AC658D8E} = {FBB1E952-F961-4F8B-A127-FA9CC97C2FD9}
		{27D7B5EB-2DC3-4648-862B-E6C3B481173A} = {FBB1E952-F961-4F8B-A127-FA9CC97C2FD9}
		{66743DFB-4B12-4C08-B9AD-7C2623D07427} = {FBB1E952-F961-4F8B-A127-FA9CC97C2FD9}
		{321D9971-7C57-4E3A-B4A0-9BC8EBDAB47B} = {FBB1E952-F961-4F8B-A127-FA9CC97C2FD9}
		{112E1CCB-2A01-4524-AFEF-81F1690C66C8} = {FBB1E952-F961-4F8B-A127-FA9CC97C2FD9}
		{CA32AE4B-CE38-49C7-9676-4FAA2DF0CDBB} = {74FB22CB-D79D-46EE-8A19-FEA2B2DE88D6}
		{E63ECE59-090B-4513-AD8D-B62F93CE474E} = {74FB22CB-D79D-46EE-8A19-FEA2B2DE88D6}
		{7F4A5907-A0DA-4C2D-B695-E93781695B74} = {74FB22CB-D79D-46EE-8A19-FEA2B2DE88D6}
		{FB5F312B-D401-4C5F-B54C-23C7C63AB832} = {74FB22CB-D79D-46EE-8A19-FEA2B2DE88D6}
		{E22BD490-67AD-4A56-A36B-29FF2DEC1406} = {74FB22CB-D79D-46EE-8A19-FEA2B2DE88D6}
		{386D84E1-3881-4DEF-BA2D-BA61EF361A46} = {74FB22CB-D79D-46EE-8A19-FEA2B2DE88D6}
		{5CF8DA6C-C6BD-4BE2-981C-6E08BA9AEE63} = {74FB22CB-D79D-46EE-8A19-FEA2B2DE88D6}
		{B178629E-1966-486D-8AE1-953475B253F8} = {E3844A4A-A013-4A54-9FB3-F13B2B126DD0}
		{C5C67FD4-2D9C-49D9-B025-E19B576AE3AB} = {E3844A4A-A013-4A54-9FB3-F13B2B126DD0}
		{07F378E5-9E18-428A-98DC-C53011085CCE} = {E3844A4A-A013-4A54-9FB3-F13B2B126DD0}
		{72890450-B623-4BE2-81C0-71CD07F514D1} = {E3844A4A-A013-4A54-9FB3-F13B2B126DD0}
		{DF5D7FA0-9E82-41F4-98D8-F80EB57B7079} = {575741E7-F866-4F13-84D5-5BD3830A28B3}
		{589BD9AA-C498-49BB-9DC9-9F6888B063F8} = {77740BB7-64AF-4DA8-A4A0-5942554FBF96}
		{FD13D9FC-D232-40D9-8547-916CD8EB5D9B} = {47AA7BD2-C5AB-4212-AC34-A97A9EE81A00}
		{49289994-61F4-4905-ABD8-7D8C438488C3} = {575741E7-F866-4F13-84D5-5BD3830A28B3}
		{9F259D19-0AF9-4BD3-B724-2CF38F95CF99} = {95526590-7F4E-4E8F-A1AA-FC29318B0D1C}
		{D7865561-FA44-417D-A187-281F3ADDC145} = {3B6B2077-5B7B-4FCE-B052-EFB796776B2C}
		{98512D64-70E2-4310-A966-D9A49CBA1707} = {3B6B2077-5B7B-4FCE-B052-EFB796776B2C}
	EndGlobalSection
	GlobalSection(ExtensibilityGlobals) = postSolution
		SolutionGuid = {D2E7DE6E-B21A-4995-A942-00FB34E40D6F}
	EndGlobalSection
EndGlobal
